github.com/mattn/go-sqlite3 v1.14.22 h1:2gZY6PC6kBnID23Tichd1K+Z0oS6nE/XwU+Vz/5o4kU=
github.com/mattn/go-sqlite3 v1.14.22/go.mod h1:Uh1q+B4BYcTPb+yiD3kU8Ct7aC0hY9fxUwlHK0RXw+Y=
github.com/nalgeon/redka v0.5.0 h1:hGdE1J5jh37BpzKrGIPtRPWSK1Exix/Xo2u36yIPdkE=
github.com/nalgeon/redka v0.5.0/go.mod h1:vLxjY3XS9IwBID2YEFWeeMiN4Ar/DtKd4JW62JTAxuU=
github.com/zhangyiming748/lumberjack v0.0.1 h1:/r1XMBfGVZ/ZrRU56vl0aKeVddidi3388ETLLCWxoW4=
github.com/zhangyiming748/lumberjack v0.0.1/go.mod h1:11eemyl+ecJVHsV0uA62hHy+geuwthU0Y2owuM9TXdI=
gopkg.in/natefinch/lumberjack.v2 v2.2.1 h1:bBRl1b0OH9s/DuPhuXpNl+VtCaJXFZ5/uEFST95x9zc=
gopkg.in/natefinch/lumberjack.v2 v2.2.1/go.mod h1:YD8tP3GAjkrDg1eZH7EGmyESg/lsYskCTPBJVb9jqSc=
